
Microsoft Visual Studio Solution File, Format Version 12.00
# Visual Studio 15
VisualStudioVersion = 15.0.28307.489
MinimumVisualStudioVersion = 10.0.40219.1
Project("{FAE04EC0-301F-11D3-BF4B-00C04F79EFBC}") = "CorpoLife", "CorpoLife\CorpoLife.csproj", "{BE00FDA9-7DA8-4337-AD93-FD864A5610BA}"
EndProject
Project("{FAE04EC0-301F-11D3-BF4B-00C04F79EFBC}") = "MessagesProto", "MessagesProto\MessagesProto.csproj", "{7B1E1773-82F2-4DB2-9FF9-BB89DC161062}"
EndProject
Project("{FAE04EC0-301F-11D3-BF4B-00C04F79EFBC}") = "Server", "Server\Server.csproj", "{144B34A8-A984-4F10-A525-A8BA06B106A1}"
EndProject
Project("{00D1A9C2-B5F0-4AF3-8072-F6C62B433612}") = "ProjectDatabase", "ProjectDatabase\ProjectDatabase.sqlproj", "{C2E72473-F20C-4866-BBCD-27D6B85068CE}"
EndProject
Project("{FAE04EC0-301F-11D3-BF4B-00C04F79EFBC}") = "DBInformationService", "DBInformationService\DBInformationService.csproj", "{052B89E1-BE1D-442A-8C92-EB595E3B833C}"
EndProject
Project("{FAE04EC0-301F-11D3-BF4B-00C04F79EFBC}") = "DBInteractionService", "DBInteractionService\DBInteractionService.csproj", "{A430354E-9A07-4132-BF55-E2AD89ED0DD6}"
EndProject
Project("{FAE04EC0-301F-11D3-BF4B-00C04F79EFBC}") = "RealTimeService", "RealTimeService\RealTimeService.csproj", "{B3EE94B2-EE74-4DA6-9B0B-22229B265166}"
EndProject
Global
	GlobalSection(SolutionConfigurationPlatforms) = preSolution
		Debug|Any CPU = Debug|Any CPU
		Release|Any CPU = Release|Any CPU
	EndGlobalSection
	GlobalSection(ProjectConfigurationPlatforms) = postSolution
		{BE00FDA9-7DA8-4337-AD93-FD864A5610BA}.Debug|Any CPU.ActiveCfg = Debug|Any CPU
		{BE00FDA9-7DA8-4337-AD93-FD864A5610BA}.Debug|Any CPU.Build.0 = Debug|Any CPU
		{BE00FDA9-7DA8-4337-AD93-FD864A5610BA}.Release|Any CPU.ActiveCfg = Release|Any CPU
		{BE00FDA9-7DA8-4337-AD93-FD864A5610BA}.Release|Any CPU.Build.0 = Release|Any CPU
		{7B1E1773-82F2-4DB2-9FF9-BB89DC161062}.Debug|Any CPU.ActiveCfg = Debug|Any CPU
		{7B1E1773-82F2-4DB2-9FF9-BB89DC161062}.Debug|Any CPU.Build.0 = Debug|Any CPU
		{7B1E1773-82F2-4DB2-9FF9-BB89DC161062}.Release|Any CPU.ActiveCfg = Release|Any CPU
		{7B1E1773-82F2-4DB2-9FF9-BB89DC161062}.Release|Any CPU.Build.0 = Release|Any CPU
		{144B34A8-A984-4F10-A525-A8BA06B106A1}.Debug|Any CPU.ActiveCfg = Debug|Any CPU
		{144B34A8-A984-4F10-A525-A8BA06B106A1}.Debug|Any CPU.Build.0 = Debug|Any CPU
		{144B34A8-A984-4F10-A525-A8BA06B106A1}.Release|Any CPU.ActiveCfg = Release|Any CPU
		{144B34A8-A984-4F10-A525-A8BA06B106A1}.Release|Any CPU.Build.0 = Release|Any CPU
		{C2E72473-F20C-4866-BBCD-27D6B85068CE}.Debug|Any CPU.ActiveCfg = Debug|Any CPU
		{C2E72473-F20C-4866-BBCD-27D6B85068CE}.Debug|Any CPU.Build.0 = Debug|Any CPU
		{C2E72473-F20C-4866-BBCD-27D6B85068CE}.Debug|Any CPU.Deploy.0 = Debug|Any CPU
		{C2E72473-F20C-4866-BBCD-27D6B85068CE}.Release|Any CPU.ActiveCfg = Release|Any CPU
		{C2E72473-F20C-4866-BBCD-27D6B85068CE}.Release|Any CPU.Build.0 = Release|Any CPU
		{C2E72473-F20C-4866-BBCD-27D6B85068CE}.Release|Any CPU.Deploy.0 = Release|Any CPU
		{052B89E1-BE1D-442A-8C92-EB595E3B833C}.Debug|Any CPU.ActiveCfg = Debug|Any CPU
		{052B89E1-BE1D-442A-8C92-EB595E3B833C}.Debug|Any CPU.Build.0 = Debug|Any CPU
		{052B89E1-BE1D-442A-8C92-EB595E3B833C}.Release|Any CPU.ActiveCfg = Release|Any CPU
		{052B89E1-BE1D-442A-8C92-EB595E3B833C}.Release|Any CPU.Build.0 = Release|Any CPU
		{A430354E-9A07-4132-BF55-E2AD89ED0DD6}.Debug|Any CPU.ActiveCfg = Debug|Any CPU
		{A430354E-9A07-4132-BF55-E2AD89ED0DD6}.Debug|Any CPU.Build.0 = Debug|Any CPU
		{A430354E-9A07-4132-BF55-E2AD89ED0DD6}.Release|Any CPU.ActiveCfg = Release|Any CPU
		{A430354E-9A07-4132-BF55-E2AD89ED0DD6}.Release|Any CPU.Build.0 = Release|Any CPU
		{B3EE94B2-EE74-4DA6-9B0B-22229B265166}.Debug|Any CPU.ActiveCfg = Debug|Any CPU
		{B3EE94B2-EE74-4DA6-9B0B-22229B265166}.Debug|Any CPU.Build.0 = Debug|Any CPU
		{B3EE94B2-EE74-4DA6-9B0B-22229B265166}.Release|Any CPU.ActiveCfg = Release|Any CPU
		{B3EE94B2-EE74-4DA6-9B0B-22229B265166}.Release|Any CPU.Build.0 = Release|Any CPU
	EndGlobalSection
	GlobalSection(SolutionProperties) = preSolution
		HideSolutionNode = FALSE
	EndGlobalSection
	GlobalSection(ExtensibilityGlobals) = postSolution
		SolutionGuid = {FBE8EEC4-1723-4E35-8A9A-ACA3645424AE}
	EndGlobalSection
EndGlobal
